
Microsoft Visual Studio Solution File, Format Version 12.00
# Visual Studio Version 17
VisualStudioVersion = 17.11.35312.102
MinimumVisualStudioVersion = 10.0.40219.1
Project("{9A19103F-16F7-4668-BE54-9A1E7A4F7556}") = "HospitalAppointmentSystem", "HospitalAppointmentSystem\HospitalAppointmentSystem.csproj", "{7E9F0846-25B0-45EB-9A40-AA40236B343A}"
EndProject
Project("{9A19103F-16F7-4668-BE54-9A1E7A4F7556}") = "DataAccess", "DataAccess\DataAccess.csproj", "{B56E81B9-CCDD-400F-8A66-B02336223062}"
EndProject
Project("{9A19103F-16F7-4668-BE54-9A1E7A4F7556}") = "Entities", "Entities\Entities.csproj", "{5416574F-669D-43DA-999D-B1B21A3F0D52}"
EndProject
Project("{9A19103F-16F7-4668-BE54-9A1E7A4F7556}") = "DTO", "DTO\DTO.csproj", "{06A85373-4A4D-43A7-95A9-6728A768E4F8}"
EndProject
Project("{FAE04EC0-301F-11D3-BF4B-00C04F79EFBC}") = "Business", "Business\Business.csproj", "{F88C5604-5457-478D-97E7-0978DCDD0FC7}"
EndProject
Global
	GlobalSection(SolutionConfigurationPlatforms) = preSolution
		Debug|Any CPU = Debug|Any CPU
		Release|Any CPU = Release|Any CPU
	EndGlobalSection
	GlobalSection(ProjectConfigurationPlatforms) = postSolution
		{7E9F0846-25B0-45EB-9A40-AA40236B343A}.Debug|Any CPU.ActiveCfg = Debug|Any CPU
		{7E9F0846-25B0-45EB-9A40-AA40236B343A}.Debug|Any CPU.Build.0 = Debug|Any CPU
		{7E9F0846-25B0-45EB-9A40-AA40236B343A}.Release|Any CPU.ActiveCfg = Release|Any CPU
		{7E9F0846-25B0-45EB-9A40-AA40236B343A}.Release|Any CPU.Build.0 = Release|Any CPU
		{B56E81B9-CCDD-400F-8A66-B02336223062}.Debug|Any CPU.ActiveCfg = Debug|Any CPU
		{B56E81B9-CCDD-400F-8A66-B02336223062}.Debug|Any CPU.Build.0 = Debug|Any CPU
		{B56E81B9-CCDD-400F-8A66-B02336223062}.Release|Any CPU.ActiveCfg = Release|Any CPU
		{B56E81B9-CCDD-400F-8A66-B02336223062}.Release|Any CPU.Build.0 = Release|Any CPU
		{5416574F-669D-43DA-999D-B1B21A3F0D52}.Debug|Any CPU.ActiveCfg = Debug|Any CPU
		{5416574F-669D-43DA-999D-B1B21A3F0D52}.Debug|Any CPU.Build.0 = Debug|Any CPU
		{5416574F-669D-43DA-999D-B1B21A3F0D52}.Release|Any CPU.ActiveCfg = Release|Any CPU
		{5416574F-669D-43DA-999D-B1B21A3F0D52}.Release|Any CPU.Build.0 = Release|Any CPU
		{06A85373-4A4D-43A7-95A9-6728A768E4F8}.Debug|Any CPU.ActiveCfg = Debug|Any CPU
		{06A85373-4A4D-43A7-95A9-6728A768E4F8}.Debug|Any CPU.Build.0 = Debug|Any CPU
		{06A85373-4A4D-43A7-95A9-6728A768E4F8}.Release|Any CPU.ActiveCfg = Release|Any CPU
		{06A85373-4A4D-43A7-95A9-6728A768E4F8}.Release|Any CPU.Build.0 = Release|Any CPU
		{F88C5604-5457-478D-97E7-0978DCDD0FC7}.Debug|Any CPU.ActiveCfg = Debug|Any CPU
		{F88C5604-5457-478D-97E7-0978DCDD0FC7}.Debug|Any CPU.Build.0 = Debug|Any CPU
		{F88C5604-5457-478D-97E7-0978DCDD0FC7}.Release|Any CPU.ActiveCfg = Release|Any CPU
		{F88C5604-5457-478D-97E7-0978DCDD0FC7}.Release|Any CPU.Build.0 = Release|Any CPU
	EndGlobalSection
	GlobalSection(SolutionProperties) = preSolution
		HideSolutionNode = FALSE
	EndGlobalSection
	GlobalSection(ExtensibilityGlobals) = postSolution
		SolutionGuid = {87032814-7984-476C-BF34-A6803B7AE969}
	EndGlobalSection
EndGlobal
